{
  "name": "resume",
  "lockfileVersion": 3,
  "requires": true,
  "packages": {
    "": {
      "dependencies": {
        "tinymist": "^0.12.16"
      }
    },
    "node_modules/tinymist": {
      "version": "0.12.16",
      "resolved": "https://registry.npmjs.org/tinymist/-/tinymist-0.12.16.tgz",
      "integrity": "sha512-MwmwdvqqWYuzEycflQffwftmc+K+l4sxuUOHhZKIn6RTiYGPMnF+9/85yKyngOxPcUc9muuIJFKy+topenHtPg==",
      "license": "Apache-2.0"
    }
  }
}
